
Microsoft Visual Studio Solution File, Format Version 12.00
Project("{FAE04EC0-301F-11D3-BF4B-00C04F79EFBC}") = "Library2.Server", "Library2\Server\Library2.Server.csproj", "{D69FA1D5-7903-4AB9-AA7A-2196DAC25937}"
EndProject
Project("{FAE04EC0-301F-11D3-BF4B-00C04F79EFBC}") = "Library2.Client", "Library2\Client\Library2.Client.csproj", "{117DF673-AC95-40DC-95E2-CF3B16D83C79}"
EndProject
Project("{FAE04EC0-301F-11D3-BF4B-00C04F79EFBC}") = "Library2.Shared", "Library2\Shared\Library2.Shared.csproj", "{EBEC3BEA-F130-4A01-BA59-FFB5E4B32BF7}"
EndProject
Global
	GlobalSection(SolutionConfigurationPlatforms) = preSolution
		Debug|Any CPU = Debug|Any CPU
		Release|Any CPU = Release|Any CPU
	EndGlobalSection
	GlobalSection(ProjectConfigurationPlatforms) = postSolution
		{D69FA1D5-7903-4AB9-AA7A-2196DAC25937}.Debug|Any CPU.ActiveCfg = Debug|Any CPU
		{D69FA1D5-7903-4AB9-AA7A-2196DAC25937}.Debug|Any CPU.Build.0 = Debug|Any CPU
		{D69FA1D5-7903-4AB9-AA7A-2196DAC25937}.Release|Any CPU.ActiveCfg = Release|Any CPU
		{D69FA1D5-7903-4AB9-AA7A-2196DAC25937}.Release|Any CPU.Build.0 = Release|Any CPU
		{117DF673-AC95-40DC-95E2-CF3B16D83C79}.Debug|Any CPU.ActiveCfg = Debug|Any CPU
		{117DF673-AC95-40DC-95E2-CF3B16D83C79}.Debug|Any CPU.Build.0 = Debug|Any CPU
		{117DF673-AC95-40DC-95E2-CF3B16D83C79}.Release|Any CPU.ActiveCfg = Release|Any CPU
		{117DF673-AC95-40DC-95E2-CF3B16D83C79}.Release|Any CPU.Build.0 = Release|Any CPU
		{EBEC3BEA-F130-4A01-BA59-FFB5E4B32BF7}.Debug|Any CPU.ActiveCfg = Debug|Any CPU
		{EBEC3BEA-F130-4A01-BA59-FFB5E4B32BF7}.Debug|Any CPU.Build.0 = Debug|Any CPU
		{EBEC3BEA-F130-4A01-BA59-FFB5E4B32BF7}.Release|Any CPU.ActiveCfg = Release|Any CPU
		{EBEC3BEA-F130-4A01-BA59-FFB5E4B32BF7}.Release|Any CPU.Build.0 = Release|Any CPU
	EndGlobalSection
EndGlobal
